
Microsoft Visual Studio Solution File, Format Version 12.00
# Visual Studio Version 16
VisualStudioVersion = 16.0.30011.22
MinimumVisualStudioVersion = 10.0.40219.1
Project("{FAE04EC0-301F-11D3-BF4B-00C04F79EFBC}") = "ETL", "ETL.csproj", "{0E5B82D3-15E9-4286-9ECE-23D8CF6AF4D0}"
EndProject
Project("{9A19103F-16F7-4668-BE54-9A1E7A4F7556}") = "MyFile", "..\MyFile\MyFile.csproj", "{7A003C8B-B218-4CEA-B568-D62F0963E3F7}"
EndProject
Project("{FAE04EC0-301F-11D3-BF4B-00C04F79EFBC}") = "Datamanager", "..\Datamanager\Datamanager.csproj", "{F218AE3E-BB67-4869-B715-E80163AE1FCE}"
EndProject
Global
	GlobalSection(SolutionConfigurationPlatforms) = preSolution
		Debug|Any CPU = Debug|Any CPU
		Release|Any CPU = Release|Any CPU
	EndGlobalSection
	GlobalSection(ProjectConfigurationPlatforms) = postSolution
		{0E5B82D3-15E9-4286-9ECE-23D8CF6AF4D0}.Debug|Any CPU.ActiveCfg = Debug|Any CPU
		{0E5B82D3-15E9-4286-9ECE-23D8CF6AF4D0}.Debug|Any CPU.Build.0 = Debug|Any CPU
		{0E5B82D3-15E9-4286-9ECE-23D8CF6AF4D0}.Release|Any CPU.ActiveCfg = Release|Any CPU
		{0E5B82D3-15E9-4286-9ECE-23D8CF6AF4D0}.Release|Any CPU.Build.0 = Release|Any CPU
		{7A003C8B-B218-4CEA-B568-D62F0963E3F7}.Debug|Any CPU.ActiveCfg = Debug|Any CPU
		{7A003C8B-B218-4CEA-B568-D62F0963E3F7}.Debug|Any CPU.Build.0 = Debug|Any CPU
		{7A003C8B-B218-4CEA-B568-D62F0963E3F7}.Release|Any CPU.ActiveCfg = Release|Any CPU
		{7A003C8B-B218-4CEA-B568-D62F0963E3F7}.Release|Any CPU.Build.0 = Release|Any CPU
		{F218AE3E-BB67-4869-B715-E80163AE1FCE}.Debug|Any CPU.ActiveCfg = Debug|Any CPU
		{F218AE3E-BB67-4869-B715-E80163AE1FCE}.Debug|Any CPU.Build.0 = Debug|Any CPU
		{F218AE3E-BB67-4869-B715-E80163AE1FCE}.Release|Any CPU.ActiveCfg = Release|Any CPU
		{F218AE3E-BB67-4869-B715-E80163AE1FCE}.Release|Any CPU.Build.0 = Release|Any CPU
	EndGlobalSection
	GlobalSection(SolutionProperties) = preSolution
		HideSolutionNode = FALSE
	EndGlobalSection
	GlobalSection(ExtensibilityGlobals) = postSolution
		SolutionGuid = {51298570-767E-45EA-AC5F-43911F75731B}
	EndGlobalSection
EndGlobal
